
Microsoft Visual Studio Solution File, Format Version 12.00
# Visual Studio Version 17
VisualStudioVersion = 17.9.34622.214
MinimumVisualStudioVersion = 10.0.40219.1
Project("{FAE04EC0-301F-11D3-BF4B-00C04F79EFBC}") = "BooksApp2", "BooksApp2.csproj", "{B2E80F38-EA41-40B1-8E53-C03CF72C0BB0}"
EndProject
Global
	GlobalSection(SolutionConfigurationPlatforms) = preSolution
		Debug|Any CPU = Debug|Any CPU
		Release|Any CPU = Release|Any CPU
	EndGlobalSection
	GlobalSection(ProjectConfigurationPlatforms) = postSolution
		{B2E80F38-EA41-40B1-8E53-C03CF72C0BB0}.Debug|Any CPU.ActiveCfg = Debug|Any CPU
		{B2E80F38-EA41-40B1-8E53-C03CF72C0BB0}.Debug|Any CPU.Build.0 = Debug|Any CPU
		{B2E80F38-EA41-40B1-8E53-C03CF72C0BB0}.Release|Any CPU.ActiveCfg = Release|Any CPU
		{B2E80F38-EA41-40B1-8E53-C03CF72C0BB0}.Release|Any CPU.Build.0 = Release|Any CPU
	EndGlobalSection
	GlobalSection(SolutionProperties) = preSolution
		HideSolutionNode = FALSE
	EndGlobalSection
	GlobalSection(ExtensibilityGlobals) = postSolution
		SolutionGuid = {6AADB107-854F-46DE-BB67-EE626024B244}
	EndGlobalSection
EndGlobal
